
Microsoft Visual Studio Solution File, Format Version 12.00
# Visual Studio Version 17
VisualStudioVersion = 17.4.33122.133
MinimumVisualStudioVersion = 10.0.40219.1
Project("{9A19103F-16F7-4668-BE54-9A1E7A4F7556}") = "MealPlanner", "MealPlanner\MealPlanner.csproj", "{9D9D03C6-C493-4E4B-8E39-C77EB0465C5D}"
EndProject
Project("{FAE04EC0-301F-11D3-BF4B-00C04F79EFBC}") = "Kliens", "Kliens\Kliens.csproj", "{8748C235-4C9B-4B2D-B129-2E550EFF5B48}"
EndProject
Global
	GlobalSection(SolutionConfigurationPlatforms) = preSolution
		Debug|Any CPU = Debug|Any CPU
		Release|Any CPU = Release|Any CPU
	EndGlobalSection
	GlobalSection(ProjectConfigurationPlatforms) = postSolution
		{9D9D03C6-C493-4E4B-8E39-C77EB0465C5D}.Debug|Any CPU.ActiveCfg = Debug|Any CPU
		{9D9D03C6-C493-4E4B-8E39-C77EB0465C5D}.Debug|Any CPU.Build.0 = Debug|Any CPU
		{9D9D03C6-C493-4E4B-8E39-C77EB0465C5D}.Release|Any CPU.ActiveCfg = Release|Any CPU
		{9D9D03C6-C493-4E4B-8E39-C77EB0465C5D}.Release|Any CPU.Build.0 = Release|Any CPU
		{8748C235-4C9B-4B2D-B129-2E550EFF5B48}.Debug|Any CPU.ActiveCfg = Debug|Any CPU
		{8748C235-4C9B-4B2D-B129-2E550EFF5B48}.Debug|Any CPU.Build.0 = Debug|Any CPU
		{8748C235-4C9B-4B2D-B129-2E550EFF5B48}.Release|Any CPU.ActiveCfg = Release|Any CPU
		{8748C235-4C9B-4B2D-B129-2E550EFF5B48}.Release|Any CPU.Build.0 = Release|Any CPU
	EndGlobalSection
	GlobalSection(SolutionProperties) = preSolution
		HideSolutionNode = FALSE
	EndGlobalSection
	GlobalSection(ExtensibilityGlobals) = postSolution
		SolutionGuid = {5B5E0EF3-784F-451A-A307-54E6B70E4253}
	EndGlobalSection
EndGlobal
